{
  "name": "homework1",
  "version": "0.0.1",
  "lockfileVersion": 1,
  "requires": true,
  "dependencies": {
    "karma": {
      "version": "1.7.1",
      "resolved": "http://registry.npm.taobao.org/karma/download/karma-1.7.1.tgz",
      "dev": true,
      "dependencies": {
        "bluebird": {
          "version": "http://registry.npm.taobao.org/bluebird/download/bluebird-3.5.3.tgz",
          "bundled": true
        },
        "body-parser": {
          "version": "http://registry.npm.taobao.org/body-parser/download/body-parser-1.18.3.tgz",
          "bundled": true,
          "dependencies": {
            "bytes": {
              "version": "http://registry.npm.taobao.org/bytes/download/bytes-3.0.0.tgz",
              "bundled": true
            },
            "content-type": {
              "version": "http://registry.npm.taobao.org/content-type/download/content-type-1.0.4.tgz",
              "bundled": true
            },
            "debug": {
              "version": "http://registry.npm.taobao.org/debug/download/debug-2.6.9.tgz",
              "bundled": true
            },
            "depd": {
              "version": "http://registry.npm.taobao.org/depd/download/depd-1.1.2.tgz",
              "bundled": true
            },
            "http-errors": {
              "version": "http://registry.npm.taobao.org/http-errors/download/http-errors-1.6.3.tgz",
              "bundled": true
            },
            "iconv-lite": {
              "version": "http://registry.npm.taobao.org/iconv-lite/download/iconv-lite-0.4.23.tgz",
              "bundled": true,
              "dependencies": {
                "safer-buffer": {
                  "version": "http://registry.npm.taobao.org/safer-buffer/download/safer-buffer-2.1.2.tgz",
                  "bundled": true
                }
              }
            },
            "on-finished": {
              "version": "http://registry.npm.taobao.org/on-finished/download/on-finished-2.3.0.tgz",
              "bundled": true,
              "dependencies": {
                "ee-first": {
                  "version": "http://registry.npm.taobao.org/ee-first/download/ee-first-1.1.1.tgz",
                  "bundled": true
                }
              }
            },
            "qs": {
              "version": "http://registry.npm.taobao.org/qs/download/qs-6.5.2.tgz",
              "bundled": true
            },
            "raw-body": {
              "version": "http://registry.npm.taobao.org/raw-body/download/raw-body-2.3.3.tgz",
              "bundled": true
            },
            "type-is": {
              "version": "http://registry.npm.taobao.org/type-is/download/type-is-1.6.16.tgz",
              "bundled": true
            }
          }
        },
        "chokidar": {
          "version": "http://registry.npm.taobao.org/chokidar/download/chokidar-1.7.0.tgz",
          "bundled": true,
          "dependencies": {
            "anymatch": {
              "version": "http://registry.npm.taobao.org/anymatch/download/anymatch-1.3.2.tgz",
              "bundled": true
            },
            "async-each": {
              "version": "http://registry.npm.taobao.org/async-each/download/async-each-1.0.1.tgz",
              "bundled": true
            },
            "glob-parent": {
              "version": "http://registry.npm.taobao.org/glob-parent/download/glob-parent-2.0.0.tgz",
              "bundled": true,
              "dependencies": {
                "is-glob": {
                  "version": "http://registry.npm.taobao.org/is-glob/download/is-glob-2.0.1.tgz",
                  "bundled": true,
                  "dependencies": {
                    "is-extglob": {
                      "version": "http://registry.npm.taobao.org/is-extglob/download/is-extglob-1.0.0.tgz",
                      "bundled": true
                    }
                  }
                }
              }
            },
            "inherits": {
              "version": "http://registry.npm.taobao.org/inherits/download/inherits-2.0.3.tgz",
              "bundled": true
            },
            "is-binary-path": {
              "version": "http://registry.npm.taobao.org/is-binary-path/download/is-binary-path-1.0.1.tgz",
              "bundled": true
            },
            "is-glob": {
              "version": "http://registry.npm.taobao.org/is-glob/download/is-glob-2.0.1.tgz",
              "bundled": true,
              "dependencies": {
                "is-extglob": {
                  "version": "http://registry.npm.taobao.org/is-extglob/download/is-extglob-1.0.0.tgz",
                  "bundled": true
                }
              }
            },
            "path-is-absolute": {
              "version": "http://registry.npm.taobao.org/path-is-absolute/download/path-is-absolute-1.0.1.tgz",
              "bundled": true
            },
            "readdirp": {
              "version": "http://registry.npm.taobao.org/readdirp/download/readdirp-2.2.1.tgz",
              "bundled": true
            }
          }
        },
        "colors": {
          "version": "http://registry.npm.taobao.org/colors/download/colors-1.3.2.tgz",
          "bundled": true
        },
        "combine-lists": {
          "version": "http://registry.npm.taobao.org/combine-lists/download/combine-lists-1.0.1.tgz",
          "bundled": true
        },
        "connect": {
          "version": "http://registry.npm.taobao.org/connect/download/connect-3.6.6.tgz",
          "bundled": true
        },
        "core-js": {
          "version": "http://registry.npm.taobao.org/core-js/download/core-js-2.5.7.tgz",
          "bundled": true
        },
        "di": {
          "version": "http://registry.npm.taobao.org/di/download/di-0.0.1.tgz",
          "bundled": true
        },
        "dom-serialize": {
          "version": "http://registry.npm.taobao.org/dom-serialize/download/dom-serialize-2.2.1.tgz",
          "bundled": true
        },
        "expand-braces": {
          "version": "http://registry.npm.taobao.org/expand-braces/download/expand-braces-0.1.2.tgz",
          "bundled": true
        },
        "glob": {
          "version": "http://registry.npm.taobao.org/glob/download/glob-7.1.3.tgz",
          "bundled": true
        },
        "graceful-fs": {
          "version": "http://registry.npm.taobao.org/graceful-fs/download/graceful-fs-4.1.15.tgz",
          "bundled": true
        },
        "http-proxy": {
          "version": "http://registry.npm.taobao.org/http-proxy/download/http-proxy-1.17.0.tgz",
          "bundled": true
        },
        "isbinaryfile": {
          "version": "http://registry.npm.taobao.org/isbinaryfile/download/isbinaryfile-3.0.3.tgz",
          "bundled": true
        },
        "lodash": {
          "version": "http://registry.npm.taobao.org/lodash/download/lodash-3.10.1.tgz",
          "bundled": true
        },
        "log4js": {
          "version": "http://registry.npm.taobao.org/log4js/download/log4js-0.6.38.tgz",
          "bundled": true
        },
        "mime": {
          "version": "http://registry.npm.taobao.org/mime/download/mime-1.6.0.tgz",
          "bundled": true
        },
        "minimatch": {
          "version": "http://registry.npm.taobao.org/minimatch/download/minimatch-3.0.4.tgz",
          "bundled": true,
          "dependencies": {
            "brace-expansion": {
              "version": "http://registry.npm.taobao.org/brace-expansion/download/brace-expansion-1.1.11.tgz",
              "bundled": true
            }
          }
        },
        "optimist": {
          "version": "http://registry.npm.taobao.org/optimist/download/optimist-0.6.1.tgz",
          "bundled": true
        },
        "qjobs": {
          "version": "http://registry.npm.taobao.org/qjobs/download/qjobs-1.2.0.tgz",
          "bundled": true
        },
        "range-parser": {
          "version": "http://registry.npm.taobao.org/range-parser/download/range-parser-1.2.0.tgz",
          "bundled": true
        },
        "rimraf": {
          "version": "http://registry.npm.taobao.org/rimraf/download/rimraf-2.6.2.tgz",
          "bundled": true,
          "dependencies": {
            "glob": {
              "version": "http://registry.npm.taobao.org/glob/download/glob-7.1.3.tgz",
              "bundled": true,
              "dependencies": {
                "fs.realpath": {
                  "version": "http://registry.npm.taobao.org/fs.realpath/download/fs.realpath-1.0.0.tgz",
                  "bundled": true
                },
                "inflight": {
                  "version": "http://registry.npm.taobao.org/inflight/download/inflight-1.0.6.tgz",
                  "bundled": true
                },
                "inherits": {
                  "version": "http://registry.npm.taobao.org/inherits/download/inherits-2.0.3.tgz",
                  "bundled": true
                },
                "minimatch": {
                  "version": "http://registry.npm.taobao.org/minimatch/download/minimatch-3.0.4.tgz",
                  "bundled": true
                },
                "once": {
                  "version": "http://registry.npm.taobao.org/once/download/once-1.4.0.tgz",
                  "bundled": true,
                  "dependencies": {
                    "wrappy": {
                      "version": "http://registry.npm.taobao.org/wrappy/download/wrappy-1.0.2.tgz",
                      "bundled": true
                    }
                  }
                },
                "path-is-absolute": {
                  "version": "http://registry.npm.taobao.org/path-is-absolute/download/path-is-absolute-1.0.1.tgz",
                  "bundled": true
                }
              }
            }
          }
        },
        "safe-buffer": {
          "version": "http://registry.npm.taobao.org/safe-buffer/download/safe-buffer-5.1.2.tgz",
          "bundled": true
        },
        "socket.io": {
          "version": "http://registry.npm.taobao.org/socket.io/download/socket.io-1.7.3.tgz",
          "bundled": true
        },
        "source-map": {
          "version": "http://registry.npm.taobao.org/source-map/download/source-map-0.5.7.tgz",
          "bundled": true
        },
        "tmp": {
          "version": "http://registry.npm.taobao.org/tmp/download/tmp-0.0.31.tgz",
          "bundled": true
        },
        "useragent": {
          "version": "http://registry.npm.taobao.org/useragent/download/useragent-2.3.0.tgz",
          "bundled": true
        }
      }
    },
    "karma-chrome-launcher": {
      "version": "2.2.0",
      "resolved": "http://registry.npm.taobao.org/karma-chrome-launcher/download/karma-chrome-launcher-2.2.0.tgz",
      "dev": true,
      "dependencies": {
        "fs-access": {
          "version": "http://registry.npm.taobao.org/fs-access/download/fs-access-1.0.1.tgz",
          "bundled": true,
          "dependencies": {
            "null-check": {
              "version": "http://registry.npm.taobao.org/null-check/download/null-check-1.0.0.tgz",
              "bundled": true
            }
          }
        },
        "which": {
          "version": "http://registry.npm.taobao.org/which/download/which-1.3.1.tgz",
          "bundled": true
        }
      }
    },
    "karma-firefox-launcher": {
      "version": "1.1.0",
      "resolved": "http://registry.npm.taobao.org/karma-firefox-launcher/download/karma-firefox-launcher-1.1.0.tgz",
      "dev": true
    },
    "karma-jasmine": {
      "version": "1.1.2",
      "resolved": "https://registry.npmjs.org/karma-jasmine/-/karma-jasmine-1.1.2.tgz",
      "integrity": "sha1-OU8rJf+0pkS5rabyLUQ+L9CIhsM=",
      "dev": true
    },
    "karma-mocha": {
      "version": "1.3.0",
      "resolved": "http://registry.npm.taobao.org/karma-mocha/download/karma-mocha-1.3.0.tgz",
      "dev": true,
      "dependencies": {
        "minimist": {
          "version": "http://registry.npm.taobao.org/minimist/download/minimist-1.2.0.tgz",
          "bundled": true
        }
      }
    },
    "mocha": {
      "version": "3.5.3",
      "resolved": "http://registry.npm.taobao.org/mocha/download/mocha-3.5.3.tgz",
      "dev": true,
      "dependencies": {
        "browser-stdout": {
          "version": "http://registry.npm.taobao.org/browser-stdout/download/browser-stdout-1.3.0.tgz",
          "bundled": true
        },
        "commander": {
          "version": "http://registry.npm.taobao.org/commander/download/commander-2.9.0.tgz",
          "bundled": true
        },
        "debug": {
          "version": "http://registry.npm.taobao.org/debug/download/debug-2.6.8.tgz",
          "bundled": true
        },
        "diff": {
          "version": "http://registry.npm.taobao.org/diff/download/diff-3.2.0.tgz",
          "bundled": true
        },
        "escape-string-regexp": {
          "version": "http://registry.npm.taobao.org/escape-string-regexp/download/escape-string-regexp-1.0.5.tgz",
          "bundled": true
        },
        "glob": {
          "version": "http://registry.npm.taobao.org/glob/download/glob-7.1.1.tgz",
          "bundled": true,
          "dependencies": {
            "fs.realpath": {
              "version": "http://registry.npm.taobao.org/fs.realpath/download/fs.realpath-1.0.0.tgz"
            },
            "inflight": {
              "version": "http://registry.npm.taobao.org/inflight/download/inflight-1.0.6.tgz",
              "dependencies": {
                "once": {
                  "version": "http://registry.npm.taobao.org/once/download/once-1.4.0.tgz",
                  "bundled": true
                },
                "wrappy": {
                  "version": "http://registry.npm.taobao.org/wrappy/download/wrappy-1.0.2.tgz",
                  "bundled": true
                }
              }
            },
            "inherits": {
              "version": "http://registry.npm.taobao.org/inherits/download/inherits-2.0.3.tgz"
            },
            "minimatch": {
              "version": "http://registry.npm.taobao.org/minimatch/download/minimatch-3.0.4.tgz",
              "dependencies": {
                "brace-expansion": {
                  "version": "http://registry.npm.taobao.org/brace-expansion/download/brace-expansion-1.1.11.tgz",
                  "bundled": true
                }
              }
            },
            "once": {
              "version": "http://registry.npm.taobao.org/once/download/once-1.4.0.tgz",
              "dependencies": {
                "wrappy": {
                  "version": "http://registry.npm.taobao.org/wrappy/download/wrappy-1.0.2.tgz",
                  "bundled": true
                }
              }
            },
            "path-is-absolute": {
              "version": "http://registry.npm.taobao.org/path-is-absolute/download/path-is-absolute-1.0.1.tgz"
            }
          }
        },
        "growl": {
          "version": "http://registry.npm.taobao.org/growl/download/growl-1.9.2.tgz",
          "bundled": true
        },
        "he": {
          "version": "http://registry.npm.taobao.org/he/download/he-1.1.1.tgz",
          "bundled": true
        },
        "json3": {
          "version": "http://registry.npm.taobao.org/json3/download/json3-3.3.2.tgz",
          "bundled": true
        },
        "lodash.create": {
          "version": "http://registry.npm.taobao.org/lodash.create/download/lodash.create-3.1.1.tgz",
          "bundled": true
        },
        "mkdirp": {
          "version": "http://registry.npm.taobao.org/mkdirp/download/mkdirp-0.5.1.tgz",
          "bundled": true
        },
        "supports-color": {
          "version": "http://registry.npm.taobao.org/supports-color/download/supports-color-3.1.2.tgz",
          "bundled": true
        }
      }
    },
    "should": {
      "version": "11.2.1",
      "resolved": "http://registry.npm.taobao.org/should/download/should-11.2.1.tgz",
      "dev": true,
      "dependencies": {
        "should-equal": {
          "version": "http://registry.npm.taobao.org/should-equal/download/should-equal-1.0.1.tgz",
          "bundled": true
        },
        "should-format": {
          "version": "http://registry.npm.taobao.org/should-format/download/should-format-3.0.3.tgz",
          "bundled": true
        },
        "should-type": {
          "version": "http://registry.npm.taobao.org/should-type/download/should-type-1.4.0.tgz",
          "bundled": true
        },
        "should-type-adaptors": {
          "version": "http://registry.npm.taobao.org/should-type-adaptors/download/should-type-adaptors-1.1.0.tgz",
          "bundled": true,
          "dependencies": {
            "should-type": {
              "version": "http://registry.npm.taobao.org/should-type/download/should-type-1.4.0.tgz",
              "bundled": true
            },
            "should-util": {
              "version": "http://registry.npm.taobao.org/should-util/download/should-util-1.0.0.tgz",
              "bundled": true
            }
          }
        },
        "should-util": {
          "version": "http://registry.npm.taobao.org/should-util/download/should-util-1.0.0.tgz",
          "bundled": true
        }
      }
    }
  }
}
